
Microsoft Visual Studio Solution File, Format Version 12.00
# Visual Studio Version 16
VisualStudioVersion = 16.0.30621.155
MinimumVisualStudioVersion = 10.0.40219.1
Project("{9A19103F-16F7-4668-BE54-9A1E7A4F7556}") = "RandomUserGeneratorData", "RandomUserGeneratorData\RandomUserGeneratorData.csproj", "{FAE8C0F2-E8BC-4B63-B7D3-17A26556B40B}"
EndProject
Project("{9A19103F-16F7-4668-BE54-9A1E7A4F7556}") = "RandomUserGeneratorData.Core", "RandomUserGeneratorData.Core\RandomUserGeneratorData.Core.csproj", "{6055F0D9-CCA9-4732-969B-164258D00120}"
EndProject
Project("{9A19103F-16F7-4668-BE54-9A1E7A4F7556}") = "RandomUserGeneratorData.Logic", "RandomUserGeneratorData.Logic\RandomUserGeneratorData.Logic.csproj", "{27620080-4090-43E8-AD58-BB103274E7FF}"
EndProject
Project("{9A19103F-16F7-4668-BE54-9A1E7A4F7556}") = "RandomUserGeneratorData.DataRetrieval", "RandomUserGeneratorData.DataRetrieval\RandomUserGeneratorData.DataRetrieval.csproj", "{D488E9C1-E14D-465E-B225-0253621D3FDC}"
EndProject
Project("{9A19103F-16F7-4668-BE54-9A1E7A4F7556}") = "RandomUserGeneratorData.Tests", "RandomUserGeneratorData.Tests\RandomUserGeneratorData.Tests.csproj", "{93250944-D362-4CA9-B28E-EB056328BA00}"
EndProject
Project("{FAE04EC0-301F-11D3-BF4B-00C04F79EFBC}") = "RandomUserGeneratorData.Logic.Tests", "RandomUserGeneratorData.Logic.Tests\RandomUserGeneratorData.Logic.Tests.csproj", "{42941E23-8E54-4CFE-9D4F-F9B931262BDE}"
EndProject
Global
	GlobalSection(SolutionConfigurationPlatforms) = preSolution
		Debug|Any CPU = Debug|Any CPU
		Release|Any CPU = Release|Any CPU
	EndGlobalSection
	GlobalSection(ProjectConfigurationPlatforms) = postSolution
		{FAE8C0F2-E8BC-4B63-B7D3-17A26556B40B}.Debug|Any CPU.ActiveCfg = Debug|Any CPU
		{FAE8C0F2-E8BC-4B63-B7D3-17A26556B40B}.Debug|Any CPU.Build.0 = Debug|Any CPU
		{FAE8C0F2-E8BC-4B63-B7D3-17A26556B40B}.Release|Any CPU.ActiveCfg = Release|Any CPU
		{FAE8C0F2-E8BC-4B63-B7D3-17A26556B40B}.Release|Any CPU.Build.0 = Release|Any CPU
		{6055F0D9-CCA9-4732-969B-164258D00120}.Debug|Any CPU.ActiveCfg = Debug|Any CPU
		{6055F0D9-CCA9-4732-969B-164258D00120}.Debug|Any CPU.Build.0 = Debug|Any CPU
		{6055F0D9-CCA9-4732-969B-164258D00120}.Release|Any CPU.ActiveCfg = Release|Any CPU
		{6055F0D9-CCA9-4732-969B-164258D00120}.Release|Any CPU.Build.0 = Release|Any CPU
		{27620080-4090-43E8-AD58-BB103274E7FF}.Debug|Any CPU.ActiveCfg = Debug|Any CPU
		{27620080-4090-43E8-AD58-BB103274E7FF}.Debug|Any CPU.Build.0 = Debug|Any CPU
		{27620080-4090-43E8-AD58-BB103274E7FF}.Release|Any CPU.ActiveCfg = Release|Any CPU
		{27620080-4090-43E8-AD58-BB103274E7FF}.Release|Any CPU.Build.0 = Release|Any CPU
		{D488E9C1-E14D-465E-B225-0253621D3FDC}.Debug|Any CPU.ActiveCfg = Debug|Any CPU
		{D488E9C1-E14D-465E-B225-0253621D3FDC}.Debug|Any CPU.Build.0 = Debug|Any CPU
		{D488E9C1-E14D-465E-B225-0253621D3FDC}.Release|Any CPU.ActiveCfg = Release|Any CPU
		{D488E9C1-E14D-465E-B225-0253621D3FDC}.Release|Any CPU.Build.0 = Release|Any CPU
		{93250944-D362-4CA9-B28E-EB056328BA00}.Debug|Any CPU.ActiveCfg = Debug|Any CPU
		{93250944-D362-4CA9-B28E-EB056328BA00}.Debug|Any CPU.Build.0 = Debug|Any CPU
		{93250944-D362-4CA9-B28E-EB056328BA00}.Release|Any CPU.ActiveCfg = Release|Any CPU
		{93250944-D362-4CA9-B28E-EB056328BA00}.Release|Any CPU.Build.0 = Release|Any CPU
		{42941E23-8E54-4CFE-9D4F-F9B931262BDE}.Debug|Any CPU.ActiveCfg = Debug|Any CPU
		{42941E23-8E54-4CFE-9D4F-F9B931262BDE}.Debug|Any CPU.Build.0 = Debug|Any CPU
		{42941E23-8E54-4CFE-9D4F-F9B931262BDE}.Release|Any CPU.ActiveCfg = Release|Any CPU
		{42941E23-8E54-4CFE-9D4F-F9B931262BDE}.Release|Any CPU.Build.0 = Release|Any CPU
	EndGlobalSection
	GlobalSection(SolutionProperties) = preSolution
		HideSolutionNode = FALSE
	EndGlobalSection
	GlobalSection(ExtensibilityGlobals) = postSolution
		SolutionGuid = {D5ADA49D-D75F-46B1-A0D9-144069CD9ADB}
	EndGlobalSection
EndGlobal
